
Microsoft Visual Studio Solution File, Format Version 12.00
# Visual Studio 2013
VisualStudioVersion = 12.0.21005.1
MinimumVisualStudioVersion = 10.0.40219.1
Project("{FAE04EC0-301F-11D3-BF4B-00C04F79EFBC}") = "HtmlToPdfOrImage", "HtmlToPdfOrImage\HtmlToPdfOrImage.csproj", "{F8DE98C0-29C8-49F3-A40D-5A495383DCA2}"
EndProject
Project("{FAE04EC0-301F-11D3-BF4B-00C04F79EFBC}") = "HtmlToPdfOrImage.Console", "HtmlToPdfOrImage.Console\HtmlToPdfOrImage.Console.csproj", "{546F6731-1B1B-4630-B839-7A96964DE825}"
EndProject
Global
	GlobalSection(SolutionConfigurationPlatforms) = preSolution
		Debug|Any CPU = Debug|Any CPU
		Release|Any CPU = Release|Any CPU
	EndGlobalSection
	GlobalSection(ProjectConfigurationPlatforms) = postSolution
		{F8DE98C0-29C8-49F3-A40D-5A495383DCA2}.Debug|Any CPU.ActiveCfg = Debug|Any CPU
		{F8DE98C0-29C8-49F3-A40D-5A495383DCA2}.Debug|Any CPU.Build.0 = Debug|Any CPU
		{F8DE98C0-29C8-49F3-A40D-5A495383DCA2}.Release|Any CPU.ActiveCfg = Release|Any CPU
		{F8DE98C0-29C8-49F3-A40D-5A495383DCA2}.Release|Any CPU.Build.0 = Release|Any CPU
		{546F6731-1B1B-4630-B839-7A96964DE825}.Debug|Any CPU.ActiveCfg = Debug|Any CPU
		{546F6731-1B1B-4630-B839-7A96964DE825}.Debug|Any CPU.Build.0 = Debug|Any CPU
		{546F6731-1B1B-4630-B839-7A96964DE825}.Release|Any CPU.ActiveCfg = Release|Any CPU
		{546F6731-1B1B-4630-B839-7A96964DE825}.Release|Any CPU.Build.0 = Release|Any CPU
	EndGlobalSection
	GlobalSection(SolutionProperties) = preSolution
		HideSolutionNode = FALSE
	EndGlobalSection
EndGlobal
